
Microsoft Visual Studio Solution File, Format Version 12.00
# Visual Studio Version 16
VisualStudioVersion = 16.0.29911.84
MinimumVisualStudioVersion = 10.0.40219.1
Project("{FAE04EC0-301F-11D3-BF4B-00C04F79EFBC}") = "VictoryLinkTask", "VictoryLinkTask\VictoryLinkTask.csproj", "{9167A0DD-26B3-4426-9D77-5AA47D7CC541}"
EndProject
Project("{FAE04EC0-301F-11D3-BF4B-00C04F79EFBC}") = "HandleRequestsWindowsService", "HandleRequestsWindowsService\HandleRequestsWindowsService.csproj", "{D898D6CA-C1C8-4246-9ACC-21D4C0AB317C}"
EndProject
Global
	GlobalSection(SolutionConfigurationPlatforms) = preSolution
		Debug|Any CPU = Debug|Any CPU
		Release|Any CPU = Release|Any CPU
	EndGlobalSection
	GlobalSection(ProjectConfigurationPlatforms) = postSolution
		{9167A0DD-26B3-4426-9D77-5AA47D7CC541}.Debug|Any CPU.ActiveCfg = Debug|Any CPU
		{9167A0DD-26B3-4426-9D77-5AA47D7CC541}.Debug|Any CPU.Build.0 = Debug|Any CPU
		{9167A0DD-26B3-4426-9D77-5AA47D7CC541}.Release|Any CPU.ActiveCfg = Release|Any CPU
		{9167A0DD-26B3-4426-9D77-5AA47D7CC541}.Release|Any CPU.Build.0 = Release|Any CPU
		{D898D6CA-C1C8-4246-9ACC-21D4C0AB317C}.Debug|Any CPU.ActiveCfg = Debug|Any CPU
		{D898D6CA-C1C8-4246-9ACC-21D4C0AB317C}.Debug|Any CPU.Build.0 = Debug|Any CPU
		{D898D6CA-C1C8-4246-9ACC-21D4C0AB317C}.Release|Any CPU.ActiveCfg = Release|Any CPU
		{D898D6CA-C1C8-4246-9ACC-21D4C0AB317C}.Release|Any CPU.Build.0 = Release|Any CPU
	EndGlobalSection
	GlobalSection(SolutionProperties) = preSolution
		HideSolutionNode = FALSE
	EndGlobalSection
	GlobalSection(ExtensibilityGlobals) = postSolution
		SolutionGuid = {F0FC243D-CF2B-4BA0-B3E3-570E8A00A641}
	EndGlobalSection
EndGlobal
